// !$*UTF8*$!
{
	archiveVersion = 1;
	classes = {
	};
	objectVersion = 55;
	objects = {

/* Begin PBXBuildFile section */
		AC07D78128AFC4D300E3F17E /* NewsView.swift in Sources */ = {isa = PBXBuildFile; fileRef = AC07D78028AFC4D300E3F17E /* NewsView.swift */; };
		AC07D78428AFC6CC00E3F17E /* Person.swift in Sources */ = {isa = PBXBuildFile; fileRef = AC07D78328AFC6CC00E3F17E /* Person.swift */; };
		AC07D78728AFC9FC00E3F17E /* ThumbView.swift in Sources */ = {isa = PBXBuildFile; fileRef = AC07D78628AFC9FC00E3F17E /* ThumbView.swift */; };
		AC43E74C28C75FBD00FE1C0B /* combine_02.storyboard in Resources */ = {isa = PBXBuildFile; fileRef = AC43E74B28C75FBD00FE1C0B /* combine_02.storyboard */; };
		AC46E1AC28CB5C67000C364F /* combine_02_uikit.swift in Sources */ = {isa = PBXBuildFile; fileRef = AC46E1AB28CB5C67000C364F /* combine_02_uikit.swift */; };
		ACA27BE228BA5F4700A6EA97 /* SortView.swift in Sources */ = {isa = PBXBuildFile; fileRef = ACA27BE128BA5F4700A6EA97 /* SortView.swift */; };
		ACA27BE428BA641C00A6EA97 /* README.md in Resources */ = {isa = PBXBuildFile; fileRef = ACA27BE328BA641C00A6EA97 /* README.md */; };
		ACB9343728C8E6D400EB3007 /* combine_02_view_model.swift in Sources */ = {isa = PBXBuildFile; fileRef = ACB9343628C8E6D400EB3007 /* combine_02_view_model.swift */; };
		ACBF5FCF289977AE00D5858A /* LearnSwiftApp.swift in Sources */ = {isa = PBXBuildFile; fileRef = ACBF5FCE289977AE00D5858A /* LearnSwiftApp.swift */; };
		ACBF5FD1289977AE00D5858A /* ContentView.swift in Sources */ = {isa = PBXBuildFile; fileRef = ACBF5FD0289977AE00D5858A /* ContentView.swift */; };
		ACBF5FD3289977AF00D5858A /* Assets.xcassets in Resources */ = {isa = PBXBuildFile; fileRef = ACBF5FD2289977AF00D5858A /* Assets.xcassets */; };
		ACBF5FD6289977AF00D5858A /* Preview Assets.xcassets in Resources */ = {isa = PBXBuildFile; fileRef = ACBF5FD5289977AF00D5858A /* Preview Assets.xcassets */; };
		ACBF5FE0289977AF00D5858A /* LearnSwiftTests.swift in Sources */ = {isa = PBXBuildFile; fileRef = ACBF5FDF289977AF00D5858A /* LearnSwiftTests.swift */; };
		ACBF5FEA289977AF00D5858A /* LearnSwiftUITests.swift in Sources */ = {isa = PBXBuildFile; fileRef = ACBF5FE9289977AF00D5858A /* LearnSwiftUITests.swift */; };
		ACBF5FEC289977AF00D5858A /* LearnSwiftUITestsLaunchTests.swift in Sources */ = {isa = PBXBuildFile; fileRef = ACBF5FEB289977AF00D5858A /* LearnSwiftUITestsLaunchTests.swift */; };
		ACE1356028AE7FE100D7F2D5 /* InstagramView.swift in Sources */ = {isa = PBXBuildFile; fileRef = ACE1355F28AE7FE100D7F2D5 /* InstagramView.swift */; };
		ACE1356528AE823600D7F2D5 /* NavView.swift in Sources */ = {isa = PBXBuildFile; fileRef = ACE1356428AE823600D7F2D5 /* NavView.swift */; };
/* End PBXBuildFile section */

/* Begin PBXContainerItemProxy section */
		ACBF5FDC289977AF00D5858A /* PBXContainerItemProxy */ = {
			isa = PBXContainerItemProxy;
			containerPortal = ACBF5FC3289977AE00D5858A /* Project object */;
			proxyType = 1;
			remoteGlobalIDString = ACBF5FCA289977AE00D5858A;
			remoteInfo = LearnSwift;
		};
		ACBF5FE6289977AF00D5858A /* PBXContainerItemProxy */ = {
			isa = PBXContainerItemProxy;
			containerPortal = ACBF5FC3289977AE00D5858A /* Project object */;
			proxyType = 1;
			remoteGlobalIDString = ACBF5FCA289977AE00D5858A;
			remoteInfo = LearnSwift;
		};
/* End PBXContainerItemProxy section */

/* Begin PBXFileReference section */
		AC07D78028AFC4D300E3F17E /* NewsView.swift */ = {isa = PBXFileReference; lastKnownFileType = sourcecode.swift; path = NewsView.swift; sourceTree = "<group>"; };
		AC07D78328AFC6CC00E3F17E /* Person.swift */ = {isa = PBXFileReference; lastKnownFileType = sourcecode.swift; path = Person.swift; sourceTree = "<group>"; };
		AC07D78628AFC9FC00E3F17E /* ThumbView.swift */ = {isa = PBXFileReference; lastKnownFileType = sourcecode.swift; path = ThumbView.swift; sourceTree = "<group>"; };
		AC43E74B28C75FBD00FE1C0B /* combine_02.storyboard */ = {isa = PBXFileReference; fileEncoding = 4; lastKnownFileType = file.storyboard; path = combine_02.storyboard; sourceTree = "<group>"; };
		AC46E1AB28CB5C67000C364F /* combine_02_uikit.swift */ = {isa = PBXFileReference; lastKnownFileType = sourcecode.swift; path = combine_02_uikit.swift; sourceTree = "<group>"; };
		ACA27BE128BA5F4700A6EA97 /* SortView.swift */ = {isa = PBXFileReference; lastKnownFileType = sourcecode.swift; path = SortView.swift; sourceTree = "<group>"; };
		ACA27BE328BA641C00A6EA97 /* README.md */ = {isa = PBXFileReference; fileEncoding = 4; lastKnownFileType = net.daringfireball.markdown; path = README.md; sourceTree = SOURCE_ROOT; };
		ACB9343628C8E6D400EB3007 /* combine_02_view_model.swift */ = {isa = PBXFileReference; lastKnownFileType = sourcecode.swift; path = combine_02_view_model.swift; sourceTree = "<group>"; };
		ACBF5FCB289977AE00D5858A /* LearnSwift.app */ = {isa = PBXFileReference; explicitFileType = wrapper.application; includeInIndex = 0; path = LearnSwift.app; sourceTree = BUILT_PRODUCTS_DIR; };
		ACBF5FCE289977AE00D5858A /* LearnSwiftApp.swift */ = {isa = PBXFileReference; lastKnownFileType = sourcecode.swift; path = LearnSwiftApp.swift; sourceTree = "<group>"; };
		ACBF5FD0289977AE00D5858A /* ContentView.swift */ = {isa = PBXFileReference; lastKnownFileType = sourcecode.swift; path = ContentView.swift; sourceTree = "<group>"; };
		ACBF5FD2289977AF00D5858A /* Assets.xcassets */ = {isa = PBXFileReference; lastKnownFileType = folder.assetcatalog; path = Assets.xcassets; sourceTree = "<group>"; };
		ACBF5FD5289977AF00D5858A /* Preview Assets.xcassets */ = {isa = PBXFileReference; lastKnownFileType = folder.assetcatalog; path = "Preview Assets.xcassets"; sourceTree = "<group>"; };
		ACBF5FDB289977AF00D5858A /* LearnSwiftTests.xctest */ = {isa = PBXFileReference; explicitFileType = wrapper.cfbundle; includeInIndex = 0; path = LearnSwiftTests.xctest; sourceTree = BUILT_PRODUCTS_DIR; };
		ACBF5FDF289977AF00D5858A /* LearnSwiftTests.swift */ = {isa = PBXFileReference; lastKnownFileType = sourcecode.swift; path = LearnSwiftTests.swift; sourceTree = "<group>"; };
		ACBF5FE5289977AF00D5858A /* LearnSwiftUITests.xctest */ = {isa = PBXFileReference; explicitFileType = wrapper.cfbundle; includeInIndex = 0; path = LearnSwiftUITests.xctest; sourceTree = BUILT_PRODUCTS_DIR; };
		ACBF5FE9289977AF00D5858A /* LearnSwiftUITests.swift */ = {isa = PBXFileReference; lastKnownFileType = sourcecode.swift; path = LearnSwiftUITests.swift; sourceTree = "<group>"; };
		ACBF5FEB289977AF00D5858A /* LearnSwiftUITestsLaunchTests.swift */ = {isa = PBXFileReference; lastKnownFileType = sourcecode.swift; path = LearnSwiftUITestsLaunchTests.swift; sourceTree = "<group>"; };
		ACE1355F28AE7FE100D7F2D5 /* InstagramView.swift */ = {isa = PBXFileReference; lastKnownFileType = sourcecode.swift; path = InstagramView.swift; sourceTree = "<group>"; };
		ACE1356428AE823600D7F2D5 /* NavView.swift */ = {isa = PBXFileReference; lastKnownFileType = sourcecode.swift; path = NavView.swift; sourceTree = "<group>"; };
/* End PBXFileReference section */

/* Begin PBXFrameworksBuildPhase section */
		ACBF5FC8289977AE00D5858A /* Frameworks */ = {
			isa = PBXFrameworksBuildPhase;
			buildActionMask = 2147483647;
			files = (
			);
			runOnlyForDeploymentPostprocessing = 0;
		};
		ACBF5FD8289977AF00D5858A /* Frameworks */ = {
			isa = PBXFrameworksBuildPhase;
			buildActionMask = 2147483647;
			files = (
			);
			runOnlyForDeploymentPostprocessing = 0;
		};
		ACBF5FE2289977AF00D5858A /* Frameworks */ = {
			isa = PBXFrameworksBuildPhase;
			buildActionMask = 2147483647;
			files = (
			);
			runOnlyForDeploymentPostprocessing = 0;
		};
/* End PBXFrameworksBuildPhase section */

/* Begin PBXGroup section */
		AC07D77F28AFC4C100E3F17E /* News */ = {
			isa = PBXGroup;
			children = (
				AC07D78028AFC4D300E3F17E /* NewsView.swift */,
			);
			path = News;
			sourceTree = "<group>";
		};
		AC07D78228AFC6B800E3F17E /* Models */ = {
			isa = PBXGroup;
			children = (
				AC07D78328AFC6CC00E3F17E /* Person.swift */,
			);
			path = Models;
			sourceTree = "<group>";
		};
		AC07D78528AFC9E600E3F17E /* Thumbs */ = {
			isa = PBXGroup;
			children = (
				AC07D78628AFC9FC00E3F17E /* ThumbView.swift */,
			);
			path = Thumbs;
			sourceTree = "<group>";
		};
		ACA27BE028BA5F2100A6EA97 /* SortView */ = {
			isa = PBXGroup;
			children = (
				ACA27BE128BA5F4700A6EA97 /* SortView.swift */,
			);
			path = SortView;
			sourceTree = "<group>";
		};
		ACBF5FC2289977AE00D5858A = {
			isa = PBXGroup;
			children = (
				ACBF5FCD289977AE00D5858A /* LearnSwift */,
				ACBF5FDE289977AF00D5858A /* LearnSwiftTests */,
				ACBF5FE8289977AF00D5858A /* LearnSwiftUITests */,
				ACBF5FCC289977AE00D5858A /* Products */,
			);
			sourceTree = "<group>";
		};
		ACBF5FCC289977AE00D5858A /* Products */ = {
			isa = PBXGroup;
			children = (
				ACBF5FCB289977AE00D5858A /* LearnSwift.app */,
				ACBF5FDB289977AF00D5858A /* LearnSwiftTests.xctest */,
				ACBF5FE5289977AF00D5858A /* LearnSwiftUITests.xctest */,
			);
			name = Products;
			sourceTree = "<group>";
		};
		ACBF5FCD289977AE00D5858A /* LearnSwift */ = {
			isa = PBXGroup;
			children = (
				AC43E74B28C75FBD00FE1C0B /* combine_02.storyboard */,
				ACA27BE328BA641C00A6EA97 /* README.md */,
				ACA27BE028BA5F2100A6EA97 /* SortView */,
				AC07D78528AFC9E600E3F17E /* Thumbs */,
				AC07D78228AFC6B800E3F17E /* Models */,
				AC07D77F28AFC4C100E3F17E /* News */,
				ACE1356128AE820C00D7F2D5 /* Nav */,
				ACE1355F28AE7FE100D7F2D5 /* InstagramView.swift */,
				ACBF5FCE289977AE00D5858A /* LearnSwiftApp.swift */,
				ACBF5FD0289977AE00D5858A /* ContentView.swift */,
				ACBF5FD2289977AF00D5858A /* Assets.xcassets */,
				ACBF5FD4289977AF00D5858A /* Preview Content */,
				ACB9343628C8E6D400EB3007 /* combine_02_view_model.swift */,
				AC46E1AB28CB5C67000C364F /* combine_02_uikit.swift */,
			);
			path = LearnSwift;
			sourceTree = "<group>";
		};
		ACBF5FD4289977AF00D5858A /* Preview Content */ = {
			isa = PBXGroup;
			children = (
				ACBF5FD5289977AF00D5858A /* Preview Assets.xcassets */,
			);
			path = "Preview Content";
			sourceTree = "<group>";
		};
		ACBF5FDE289977AF00D5858A /* LearnSwiftTests */ = {
			isa = PBXGroup;
			children = (
				ACBF5FDF289977AF00D5858A /* LearnSwiftTests.swift */,
			);
			path = LearnSwiftTests;
			sourceTree = "<group>";
		};
		ACBF5FE8289977AF00D5858A /* LearnSwiftUITests */ = {
			isa = PBXGroup;
			children = (
				ACBF5FE9289977AF00D5858A /* LearnSwiftUITests.swift */,
				ACBF5FEB289977AF00D5858A /* LearnSwiftUITestsLaunchTests.swift */,
			);
			path = LearnSwiftUITests;
			sourceTree = "<group>";
		};
		ACE1356128AE820C00D7F2D5 /* Nav */ = {
			isa = PBXGroup;
			children = (
				ACE1356428AE823600D7F2D5 /* NavView.swift */,
			);
			path = Nav;
			sourceTree = "<group>";
		};
/* End PBXGroup section */

/* Begin PBXNativeTarget section */
		ACBF5FCA289977AE00D5858A /* LearnSwift */ = {
			isa = PBXNativeTarget;
			buildConfigurationList = ACBF5FEF289977AF00D5858A /* Build configuration list for PBXNativeTarget "LearnSwift" */;
			buildPhases = (
				ACBF5FC7289977AE00D5858A /* Sources */,
				ACBF5FC8289977AE00D5858A /* Frameworks */,
				ACBF5FC9289977AE00D5858A /* Resources */,
			);
			buildRules = (
			);
			dependencies = (
			);
			name = LearnSwift;
			productName = LearnSwift;
			productReference = ACBF5FCB289977AE00D5858A /* LearnSwift.app */;
			productType = "com.apple.product-type.application";
		};
		ACBF5FDA289977AF00D5858A /* LearnSwiftTests */ = {
			isa = PBXNativeTarget;
			buildConfigurationList = ACBF5FF2289977AF00D5858A /* Build configuration list for PBXNativeTarget "LearnSwiftTests" */;
			buildPhases = (
				ACBF5FD7289977AF00D5858A /* Sources */,
				ACBF5FD8289977AF00D5858A /* Frameworks */,
				ACBF5FD9289977AF00D5858A /* Resources */,
			);
			buildRules = (
			);
			dependencies = (
				ACBF5FDD289977AF00D5858A /* PBXTargetDependency */,
			);
			name = LearnSwiftTests;
			productName = LearnSwiftTests;
			productReference = ACBF5FDB289977AF00D5858A /* LearnSwiftTests.xctest */;
			productType = "com.apple.product-type.bundle.unit-test";
		};
		ACBF5FE4289977AF00D5858A /* LearnSwiftUITests */ = {
			isa = PBXNativeTarget;
			buildConfigurationList = ACBF5FF5289977AF00D5858A /* Build configuration list for PBXNativeTarget "LearnSwiftUITests" */;
			buildPhases = (
				ACBF5FE1289977AF00D5858A /* Sources */,
				ACBF5FE2289977AF00D5858A /* Frameworks */,
				ACBF5FE3289977AF00D5858A /* Resources */,
			);
			buildRules = (
			);
			dependencies = (
				ACBF5FE7289977AF00D5858A /* PBXTargetDependency */,
			);
			name = LearnSwiftUITests;
			productName = LearnSwiftUITests;
			productReference = ACBF5FE5289977AF00D5858A /* LearnSwiftUITests.xctest */;
			productType = "com.apple.product-type.bundle.ui-testing";
		};
/* End PBXNativeTarget section */

/* Begin PBXProject section */
		ACBF5FC3289977AE00D5858A /* Project object */ = {
			isa = PBXProject;
			attributes = {
				BuildIndependentTargetsInParallel = 1;
				LastSwiftUpdateCheck = 1340;
				LastUpgradeCheck = 1340;
				TargetAttributes = {
					ACBF5FCA289977AE00D5858A = {
						CreatedOnToolsVersion = 13.4.1;
					};
					ACBF5FDA289977AF00D5858A = {
						CreatedOnToolsVersion = 13.4.1;
						TestTargetID = ACBF5FCA289977AE00D5858A;
					};
					ACBF5FE4289977AF00D5858A = {
						CreatedOnToolsVersion = 13.4.1;
						TestTargetID = ACBF5FCA289977AE00D5858A;
					};
				};
			};
			buildConfigurationList = ACBF5FC6289977AE00D5858A /* Build configuration list for PBXProject "LearnSwift" */;
			compatibilityVersion = "Xcode 13.0";
			developmentRegion = en;
			hasScannedForEncodings = 0;
			knownRegions = (
				en,
				Base,
			);
			mainGroup = ACBF5FC2289977AE00D5858A;
			productRefGroup = ACBF5FCC289977AE00D5858A /* Products */;
			projectDirPath = "";
			projectRoot = "";
			targets = (
				ACBF5FCA289977AE00D5858A /* LearnSwift */,
				ACBF5FDA289977AF00D5858A /* LearnSwiftTests */,
				ACBF5FE4289977AF00D5858A /* LearnSwiftUITests */,
			);
		};
/* End PBXProject section */

/* Begin PBXResourcesBuildPhase section */
		ACBF5FC9289977AE00D5858A /* Resources */ = {
			isa = PBXResourcesBuildPhase;
			buildActionMask = 2147483647;
			files = (
				ACA27BE428BA641C00A6EA97 /* README.md in Resources */,
				ACBF5FD6289977AF00D5858A /* Preview Assets.xcassets in Resources */,
				AC43E74C28C75FBD00FE1C0B /* combine_02.storyboard in Resources */,
				ACBF5FD3289977AF00D5858A /* Assets.xcassets in Resources */,
			);
			runOnlyForDeploymentPostprocessing = 0;
		};
		ACBF5FD9289977AF00D5858A /* Resources */ = {
			isa = PBXResourcesBuildPhase;
			buildActionMask = 2147483647;
			files = (
			);
			runOnlyForDeploymentPostprocessing = 0;
		};
		ACBF5FE3289977AF00D5858A /* Resources */ = {
			isa = PBXResourcesBuildPhase;
			buildActionMask = 2147483647;
			files = (
			);
			runOnlyForDeploymentPostprocessing = 0;
		};
/* End PBXResourcesBuildPhase section */

/* Begin PBXSourcesBuildPhase section */
		ACBF5FC7289977AE00D5858A /* Sources */ = {
			isa = PBXSourcesBuildPhase;
			buildActionMask = 2147483647;
			files = (
				ACB9343728C8E6D400EB3007 /* combine_02_view_model.swift in Sources */,
				ACE1356528AE823600D7F2D5 /* NavView.swift in Sources */,
				AC07D78428AFC6CC00E3F17E /* Person.swift in Sources */,
				AC07D78728AFC9FC00E3F17E /* ThumbView.swift in Sources */,
				ACBF5FD1289977AE00D5858A /* ContentView.swift in Sources */,
				ACA27BE228BA5F4700A6EA97 /* SortView.swift in Sources */,
				ACBF5FCF289977AE00D5858A /* LearnSwiftApp.swift in Sources */,
				AC07D78128AFC4D300E3F17E /* NewsView.swift in Sources */,
				AC46E1AC28CB5C67000C364F /* combine_02_uikit.swift in Sources */,
				ACE1356028AE7FE100D7F2D5 /* InstagramView.swift in Sources */,
			);
			runOnlyForDeploymentPostprocessing = 0;
		};
		ACBF5FD7289977AF00D5858A /* Sources */ = {
			isa = PBXSourcesBuildPhase;
			buildActionMask = 2147483647;
			files = (
				ACBF5FE0289977AF00D5858A /* LearnSwiftTests.swift in Sources */,
			);
			runOnlyForDeploymentPostprocessing = 0;
		};
		ACBF5FE1289977AF00D5858A /* Sources */ = {
			isa = PBXSourcesBuildPhase;
			buildActionMask = 2147483647;
			files = (
				ACBF5FEA289977AF00D5858A /* LearnSwiftUITests.swift in Sources */,
				ACBF5FEC289977AF00D5858A /* LearnSwiftUITestsLaunchTests.swift in Sources */,
			);
			runOnlyForDeploymentPostprocessing = 0;
		};
/* End PBXSourcesBuildPhase section */

/* Begin PBXTargetDependency section */
		ACBF5FDD289977AF00D5858A /* PBXTargetDependency */ = {
			isa = PBXTargetDependency;
			target = ACBF5FCA289977AE00D5858A /* LearnSwift */;
			targetProxy = ACBF5FDC289977AF00D5858A /* PBXContainerItemProxy */;
		};
		ACBF5FE7289977AF00D5858A /* PBXTargetDependency */ = {
			isa = PBXTargetDependency;
			target = ACBF5FCA289977AE00D5858A /* LearnSwift */;
			targetProxy = ACBF5FE6289977AF00D5858A /* PBXContainerItemProxy */;
		};
/* End PBXTargetDependency section */

/* Begin XCBuildConfiguration section */
		ACBF5FED289977AF00D5858A /* Debug */ = {
			isa = XCBuildConfiguration;
			buildSettings = {
				ALWAYS_SEARCH_USER_PATHS = NO;
				CLANG_ANALYZER_NONNULL = YES;
				CLANG_ANALYZER_NUMBER_OBJECT_CONVERSION = YES_AGGRESSIVE;
				CLANG_CXX_LANGUAGE_STANDARD = "gnu++17";
				CLANG_ENABLE_MODULES = YES;
				CLANG_ENABLE_OBJC_ARC = YES;
				CLANG_ENABLE_OBJC_WEAK = YES;
				CLANG_WARN_BLOCK_CAPTURE_AUTORELEASING = YES;
				CLANG_WARN_BOOL_CONVERSION = YES;
				CLANG_WARN_COMMA = YES;
				CLANG_WARN_CONSTANT_CONVERSION = YES;
				CLANG_WARN_DEPRECATED_OBJC_IMPLEMENTATIONS = YES;
				CLANG_WARN_DIRECT_OBJC_ISA_USAGE = YES_ERROR;
				CLANG_WARN_DOCUMENTATION_COMMENTS = YES;
				CLANG_WARN_EMPTY_BODY = YES;
				CLANG_WARN_ENUM_CONVERSION = YES;
				CLANG_WARN_INFINITE_RECURSION = YES;
				CLANG_WARN_INT_CONVERSION = YES;
				CLANG_WARN_NON_LITERAL_NULL_CONVERSION = YES;
				CLANG_WARN_OBJC_IMPLICIT_RETAIN_SELF = YES;
				CLANG_WARN_OBJC_LITERAL_CONVERSION = YES;
				CLANG_WARN_OBJC_ROOT_CLASS = YES_ERROR;
				CLANG_WARN_QUOTED_INCLUDE_IN_FRAMEWORK_HEADER = YES;
				CLANG_WARN_RANGE_LOOP_ANALYSIS = YES;
				CLANG_WARN_STRICT_PROTOTYPES = YES;
				CLANG_WARN_SUSPICIOUS_MOVE = YES;
				CLANG_WARN_UNGUARDED_AVAILABILITY = YES_AGGRESSIVE;
				CLANG_WARN_UNREACHABLE_CODE = YES;
				CLANG_WARN__DUPLICATE_METHOD_MATCH = YES;
				COPY_PHASE_STRIP = NO;
				DEBUG_INFORMATION_FORMAT = dwarf;
				ENABLE_STRICT_OBJC_MSGSEND = YES;
				ENABLE_TESTABILITY = YES;
				GCC_C_LANGUAGE_STANDARD = gnu11;
				GCC_DYNAMIC_NO_PIC = NO;
				GCC_NO_COMMON_BLOCKS = YES;
				GCC_OPTIMIZATION_LEVEL = 0;
				GCC_PREPROCESSOR_DEFINITIONS = (
					"DEBUG=1",
					"$(inherited)",
				);
				GCC_WARN_64_TO_32_BIT_CONVERSION = YES;
				GCC_WARN_ABOUT_RETURN_TYPE = YES_ERROR;
				GCC_WARN_UNDECLARED_SELECTOR = YES;
				GCC_WARN_UNINITIALIZED_AUTOS = YES_AGGRESSIVE;
				GCC_WARN_UNUSED_FUNCTION = YES;
				GCC_WARN_UNUSED_VARIABLE = YES;
				IPHONEOS_DEPLOYMENT_TARGET = 15.5;
				MTL_ENABLE_DEBUG_INFO = INCLUDE_SOURCE;
				MTL_FAST_MATH = YES;
				ONLY_ACTIVE_ARCH = YES;
				SDKROOT = iphoneos;
				SWIFT_ACTIVE_COMPILATION_CONDITIONS = DEBUG;
				SWIFT_OPTIMIZATION_LEVEL = "-Onone";
			};
			name = Debug;
		};
		ACBF5FEE289977AF00D5858A /* Release */ = {
			isa = XCBuildConfiguration;
			buildSettings = {
				ALWAYS_SEARCH_USER_PATHS = NO;
				CLANG_ANALYZER_NONNULL = YES;
				CLANG_ANALYZER_NUMBER_OBJECT_CONVERSION = YES_AGGRESSIVE;
				CLANG_CXX_LANGUAGE_STANDARD = "gnu++17";
				CLANG_ENABLE_MODULES = YES;
				CLANG_ENABLE_OBJC_ARC = YES;
				CLANG_ENABLE_OBJC_WEAK = YES;
				CLANG_WARN_BLOCK_CAPTURE_AUTORELEASING = YES;
				CLANG_WARN_BOOL_CONVERSION = YES;
				CLANG_WARN_COMMA = YES;
				CLANG_WARN_CONSTANT_CONVERSION = YES;
				CLANG_WARN_DEPRECATED_OBJC_IMPLEMENTATIONS = YES;
				CLANG_WARN_DIRECT_OBJC_ISA_USAGE = YES_ERROR;
				CLANG_WARN_DOCUMENTATION_COMMENTS = YES;
				CLANG_WARN_EMPTY_BODY = YES;
				CLANG_WARN_ENUM_CONVERSION = YES;
				CLANG_WARN_INFINITE_RECURSION = YES;
				CLANG_WARN_INT_CONVERSION = YES;
				CLANG_WARN_NON_LITERAL_NULL_CONVERSION = YES;
				CLANG_WARN_OBJC_IMPLICIT_RETAIN_SELF = YES;
				CLANG_WARN_OBJC_LITERAL_CONVERSION = YES;
				CLANG_WARN_OBJC_ROOT_CLASS = YES_ERROR;
				CLANG_WARN_QUOTED_INCLUDE_IN_FRAMEWORK_HEADER = YES;
				CLANG_WARN_RANGE_LOOP_ANALYSIS = YES;
				CLANG_WARN_STRICT_PROTOTYPES = YES;
				CLANG_WARN_SUSPICIOUS_MOVE = YES;
				CLANG_WARN_UNGUARDED_AVAILABILITY = YES_AGGRESSIVE;
				CLANG_WARN_UNREACHABLE_CODE = YES;
				CLANG_WARN__DUPLICATE_METHOD_MATCH = YES;
				COPY_PHASE_STRIP = NO;
				DEBUG_INFORMATION_FORMAT = "dwarf-with-dsym";
				ENABLE_NS_ASSERTIONS = NO;
				ENABLE_STRICT_OBJC_MSGSEND = YES;
				GCC_C_LANGUAGE_STANDARD = gnu11;
				GCC_NO_COMMON_BLOCKS = YES;
				GCC_WARN_64_TO_32_BIT_CONVERSION = YES;
				GCC_WARN_ABOUT_RETURN_TYPE = YES_ERROR;
				GCC_WARN_UNDECLARED_SELECTOR = YES;
				GCC_WARN_UNINITIALIZED_AUTOS = YES_AGGRESSIVE;
				GCC_WARN_UNUSED_FUNCTION = YES;
				GCC_WARN_UNUSED_VARIABLE = YES;
				IPHONEOS_DEPLOYMENT_TARGET = 15.5;
				MTL_ENABLE_DEBUG_INFO = NO;
				MTL_FAST_MATH = YES;
				SDKROOT = iphoneos;
				SWIFT_COMPILATION_MODE = wholemodule;
				SWIFT_OPTIMIZATION_LEVEL = "-O";
				VALIDATE_PRODUCT = YES;
			};
			name = Release;
		};
		ACBF5FF0289977AF00D5858A /* Debug */ = {
			isa = XCBuildConfiguration;
			buildSettings = {
				ASSETCATALOG_COMPILER_APPICON_NAME = AppIcon;
				ASSETCATALOG_COMPILER_GLOBAL_ACCENT_COLOR_NAME = AccentColor;
				CODE_SIGN_STYLE = Automatic;
				CURRENT_PROJECT_VERSION = 1;
				DEVELOPMENT_ASSET_PATHS = "\"LearnSwift/Preview Content\"";
				DEVELOPMENT_TEAM = RZ57584G9R;
				ENABLE_PREVIEWS = YES;
				GENERATE_INFOPLIST_FILE = YES;
				INFOPLIST_KEY_UIApplicationSceneManifest_Generation = YES;
				INFOPLIST_KEY_UIApplicationSupportsIndirectInputEvents = YES;
				INFOPLIST_KEY_UILaunchScreen_Generation = YES;
				INFOPLIST_KEY_UISupportedInterfaceOrientations_iPad = "UIInterfaceOrientationPortrait UIInterfaceOrientationPortraitUpsideDown UIInterfaceOrientationLandscapeLeft UIInterfaceOrientationLandscapeRight";
				INFOPLIST_KEY_UISupportedInterfaceOrientations_iPhone = "UIInterfaceOrientationPortrait UIInterfaceOrientationLandscapeLeft UIInterfaceOrientationLandscapeRight";
				LD_RUNPATH_SEARCH_PATHS = (
					"$(inherited)",
					"@executable_path/Frameworks",
				);
				MARKETING_VERSION = 1.0;
				PRODUCT_BUNDLE_IDENTIFIER = com.LearnSwift;
				PRODUCT_NAME = "$(TARGET_NAME)";
				SWIFT_EMIT_LOC_STRINGS = YES;
				SWIFT_VERSION = 5.0;
				TARGETED_DEVICE_FAMILY = "1,2";
			};
			name = Debug;
		};
		ACBF5FF1289977AF00D5858A /* Release */ = {
			isa = XCBuildConfiguration;
			buildSettings = {
				ASSETCATALOG_COMPILER_APPICON_NAME = AppIcon;
				ASSETCATALOG_COMPILER_GLOBAL_ACCENT_COLOR_NAME = AccentColor;
				CODE_SIGN_STYLE = Automatic;
				CURRENT_PROJECT_VERSION = 1;
				DEVELOPMENT_ASSET_PATHS = "\"LearnSwift/Preview Content\"";
				DEVELOPMENT_TEAM = RZ57584G9R;
				ENABLE_PREVIEWS = YES;
				GENERATE_INFOPLIST_FILE = YES;
				INFOPLIST_KEY_UIApplicationSceneManifest_Generation = YES;
				INFOPLIST_KEY_UIApplicationSupportsIndirectInputEvents = YES;
				INFOPLIST_KEY_UILaunchScreen_Generation = YES;
				INFOPLIST_KEY_UISupportedInterfaceOrientations_iPad = "UIInterfaceOrientationPortrait UIInterfaceOrientationPortraitUpsideDown UIInterfaceOrientationLandscapeLeft UIInterfaceOrientationLandscapeRight";
				INFOPLIST_KEY_UISupportedInterfaceOrientations_iPhone = "UIInterfaceOrientationPortrait UIInterfaceOrientationLandscapeLeft UIInterfaceOrientationLandscapeRight";
				LD_RUNPATH_SEARCH_PATHS = (
					"$(inherited)",
					"@executable_path/Frameworks",
				);
				MARKETING_VERSION = 1.0;
				PRODUCT_BUNDLE_IDENTIFIER = com.LearnSwift;
				PRODUCT_NAME = "$(TARGET_NAME)";
				SWIFT_EMIT_LOC_STRINGS = YES;
				SWIFT_VERSION = 5.0;
				TARGETED_DEVICE_FAMILY = "1,2";
			};
			name = Release;
		};
		ACBF5FF3289977AF00D5858A /* Debug */ = {
			isa = XCBuildConfiguration;
			buildSettings = {
				ALWAYS_EMBED_SWIFT_STANDARD_LIBRARIES = YES;
				BUNDLE_LOADER = "$(TEST_HOST)";
				CODE_SIGN_STYLE = Automatic;
				CURRENT_PROJECT_VERSION = 1;
				DEVELOPMENT_TEAM = RZ57584G9R;
				GENERATE_INFOPLIST_FILE = YES;
				IPHONEOS_DEPLOYMENT_TARGET = 15.5;
				MARKETING_VERSION = 1.0;
				PRODUCT_BUNDLE_IDENTIFIER = com.LearnSwiftTests;
				PRODUCT_NAME = "$(TARGET_NAME)";
				SWIFT_EMIT_LOC_STRINGS = NO;
				SWIFT_VERSION = 5.0;
				TARGETED_DEVICE_FAMILY = "1,2";
				TEST_HOST = "$(BUILT_PRODUCTS_DIR)/LearnSwift.app/LearnSwift";
			};
			name = Debug;
		};
		ACBF5FF4289977AF00D5858A /* Release */ = {
			isa = XCBuildConfiguration;
			buildSettings = {
				ALWAYS_EMBED_SWIFT_STANDARD_LIBRARIES = YES;
				BUNDLE_LOADER = "$(TEST_HOST)";
				CODE_SIGN_STYLE = Automatic;
				CURRENT_PROJECT_VERSION = 1;
				DEVELOPMENT_TEAM = RZ57584G9R;
				GENERATE_INFOPLIST_FILE = YES;
				IPHONEOS_DEPLOYMENT_TARGET = 15.5;
				MARKETING_VERSION = 1.0;
				PRODUCT_BUNDLE_IDENTIFIER = com.LearnSwiftTests;
				PRODUCT_NAME = "$(TARGET_NAME)";
				SWIFT_EMIT_LOC_STRINGS = NO;
				SWIFT_VERSION = 5.0;
				TARGETED_DEVICE_FAMILY = "1,2";
				TEST_HOST = "$(BUILT_PRODUCTS_DIR)/LearnSwift.app/LearnSwift";
			};
			name = Release;
		};
		ACBF5FF6289977AF00D5858A /* Debug */ = {
			isa = XCBuildConfiguration;
			buildSettings = {
				ALWAYS_EMBED_SWIFT_STANDARD_LIBRARIES = YES;
				CODE_SIGN_STYLE = Automatic;
				CURRENT_PROJECT_VERSION = 1;
				DEVELOPMENT_TEAM = RZ57584G9R;
				GENERATE_INFOPLIST_FILE = YES;
				MARKETING_VERSION = 1.0;
				PRODUCT_BUNDLE_IDENTIFIER = com.LearnSwiftUITests;
				PRODUCT_NAME = "$(TARGET_NAME)";
				SWIFT_EMIT_LOC_STRINGS = NO;
				SWIFT_VERSION = 5.0;
				TARGETED_DEVICE_FAMILY = "1,2";
				TEST_TARGET_NAME = LearnSwift;
			};
			name = Debug;
		};
		ACBF5FF7289977AF00D5858A /* Release */ = {
			isa = XCBuildConfiguration;
			buildSettings = {
				ALWAYS_EMBED_SWIFT_STANDARD_LIBRARIES = YES;
				CODE_SIGN_STYLE = Automatic;
				CURRENT_PROJECT_VERSION = 1;
				DEVELOPMENT_TEAM = RZ57584G9R;
				GENERATE_INFOPLIST_FILE = YES;
				MARKETING_VERSION = 1.0;
				PRODUCT_BUNDLE_IDENTIFIER = com.LearnSwiftUITests;
				PRODUCT_NAME = "$(TARGET_NAME)";
				SWIFT_EMIT_LOC_STRINGS = NO;
				SWIFT_VERSION = 5.0;
				TARGETED_DEVICE_FAMILY = "1,2";
				TEST_TARGET_NAME = LearnSwift;
			};
			name = Release;
		};
/* End XCBuildConfiguration section */

/* Begin XCConfigurationList section */
		ACBF5FC6289977AE00D5858A /* Build configuration list for PBXProject "LearnSwift" */ = {
			isa = XCConfigurationList;
			buildConfigurations = (
				ACBF5FED289977AF00D5858A /* Debug */,
				ACBF5FEE289977AF00D5858A /* Release */,
			);
			defaultConfigurationIsVisible = 0;
			defaultConfigurationName = Release;
		};
		ACBF5FEF289977AF00D5858A /* Build configuration list for PBXNativeTarget "LearnSwift" */ = {
			isa = XCConfigurationList;
			buildConfigurations = (
				ACBF5FF0289977AF00D5858A /* Debug */,
				ACBF5FF1289977AF00D5858A /* Release */,
			);
			defaultConfigurationIsVisible = 0;
			defaultConfigurationName = Release;
		};
		ACBF5FF2289977AF00D5858A /* Build configuration list for PBXNativeTarget "LearnSwiftTests" */ = {
			isa = XCConfigurationList;
			buildConfigurations = (
				ACBF5FF3289977AF00D5858A /* Debug */,
				ACBF5FF4289977AF00D5858A /* Release */,
			);
			defaultConfigurationIsVisible = 0;
			defaultConfigurationName = Release;
		};
		ACBF5FF5289977AF00D5858A /* Build configuration list for PBXNativeTarget "LearnSwiftUITests" */ = {
			isa = XCConfigurationList;
			buildConfigurations = (
				ACBF5FF6289977AF00D5858A /* Debug */,
				ACBF5FF7289977AF00D5858A /* Release */,
			);
			defaultConfigurationIsVisible = 0;
			defaultConfigurationName = Release;
		};
/* End XCConfigurationList section */
	};
	rootObject = ACBF5FC3289977AE00D5858A /* Project object */;
}
